// !$*UTF8*$!
{
	archiveVersion = 1;
	classes = {
	};
	objectVersion = 46;
	objects = {

/* Begin PBXBuildFile section */
		838D516B14BE62C500DF03BD /* CeldaEncargadoPorRegion.mm in Sources */ = {isa = PBXBuildFile; fileRef = 838D516614BE62C500DF03BD /* CeldaEncargadoPorRegion.mm */; };
		838D516C14BE62C500DF03BD /* CeldaEncargadoPorRegion.xib in Resources */ = {isa = PBXBuildFile; fileRef = 838D516714BE62C500DF03BD /* CeldaEncargadoPorRegion.xib */; };
		838D516D14BE62C500DF03BD /* ControladorListaRegiones.xib in Resources */ = {isa = PBXBuildFile; fileRef = 838D516814BE62C500DF03BD /* ControladorListaRegiones.xib */; };
		83BFC60014BFAD6F00B0EE47 /* ControladorListaPersonas.m in Sources */ = {isa = PBXBuildFile; fileRef = 83BFC5FE14BFAD6F00B0EE47 /* ControladorListaPersonas.m */; };
		83BFC60114BFAD6F00B0EE47 /* ControladorListaPersonas.xib in Resources */ = {isa = PBXBuildFile; fileRef = 83BFC5FF14BFAD6F00B0EE47 /* ControladorListaPersonas.xib */; };
		D77563F014BCD00100A112A7 /* UIKit.framework in Frameworks */ = {isa = PBXBuildFile; fileRef = D77563EF14BCD00100A112A7 /* UIKit.framework */; };
		D77563F214BCD00100A112A7 /* Foundation.framework in Frameworks */ = {isa = PBXBuildFile; fileRef = D77563F114BCD00100A112A7 /* Foundation.framework */; };
		D77563F414BCD00100A112A7 /* CoreGraphics.framework in Frameworks */ = {isa = PBXBuildFile; fileRef = D77563F314BCD00100A112A7 /* CoreGraphics.framework */; };
		D77563FA14BCD00100A112A7 /* InfoPlist.strings in Resources */ = {isa = PBXBuildFile; fileRef = D77563F814BCD00100A112A7 /* InfoPlist.strings */; };
		D77563FC14BCD00100A112A7 /* main.m in Sources */ = {isa = PBXBuildFile; fileRef = D77563FB14BCD00100A112A7 /* main.m */; };
		D775640014BCD00100A112A7 /* AppDelegate.m in Sources */ = {isa = PBXBuildFile; fileRef = D77563FF14BCD00100A112A7 /* AppDelegate.m */; };
		D775642014BCD41D00A112A7 /* libZXingWidget.a in Frameworks */ = {isa = PBXBuildFile; fileRef = D775641A14BCD20D00A112A7 /* libZXingWidget.a */; };
		D775642214BCD44A00A112A7 /* AudioToolbox.framework in Frameworks */ = {isa = PBXBuildFile; fileRef = D775642114BCD44A00A112A7 /* AudioToolbox.framework */; };
		D775642514BCD46C00A112A7 /* CoreMedia.framework in Frameworks */ = {isa = PBXBuildFile; fileRef = D775642314BCD46C00A112A7 /* CoreMedia.framework */; };
		D775642614BCD46C00A112A7 /* CoreVideo.framework in Frameworks */ = {isa = PBXBuildFile; fileRef = D775642414BCD46C00A112A7 /* CoreVideo.framework */; };
		D775642814BCD47800A112A7 /* AVFoundation.framework in Frameworks */ = {isa = PBXBuildFile; fileRef = D775642714BCD47800A112A7 /* AVFoundation.framework */; };
		D775642A14BCD4C200A112A7 /* libiconv.dylib in Frameworks */ = {isa = PBXBuildFile; fileRef = D775642914BCD4C200A112A7 /* libiconv.dylib */; };
		D775643714BCD7BC00A112A7 /* AddressBook.framework in Frameworks */ = {isa = PBXBuildFile; fileRef = D775643514BCD7BC00A112A7 /* AddressBook.framework */; };
		D775643814BCD7BC00A112A7 /* AddressBookUI.framework in Frameworks */ = {isa = PBXBuildFile; fileRef = D775643614BCD7BC00A112A7 /* AddressBookUI.framework */; };
		D775643D14BCDC3100A112A7 /* ControladorScannner.mm in Sources */ = {isa = PBXBuildFile; fileRef = D775643B14BCDC3100A112A7 /* ControladorScannner.mm */; };
		D775643E14BCDC3100A112A7 /* ControladorScannner.xib in Resources */ = {isa = PBXBuildFile; fileRef = D775643C14BCDC3100A112A7 /* ControladorScannner.xib */; };
		D78DD95014BE224E00C6B0D3 /* Entrevistador.m in Sources */ = {isa = PBXBuildFile; fileRef = D78DD94F14BE224E00C6B0D3 /* Entrevistador.m */; };
		D78DD95314BE240A00C6B0D3 /* Entrevistado.m in Sources */ = {isa = PBXBuildFile; fileRef = D78DD95214BE240A00C6B0D3 /* Entrevistado.m */; };
		D78DD95714BE25AF00C6B0D3 /* ControladorDetalleEntrevistador.m in Sources */ = {isa = PBXBuildFile; fileRef = D78DD95514BE25AF00C6B0D3 /* ControladorDetalleEntrevistador.m */; };
		D78DD95814BE25AF00C6B0D3 /* ControladorDetalleEntrevistador.xib in Resources */ = {isa = PBXBuildFile; fileRef = D78DD95614BE25AF00C6B0D3 /* ControladorDetalleEntrevistador.xib */; };
		D78DD95C14BE28AF00C6B0D3 /* FondoCelda.mm in Sources */ = {isa = PBXBuildFile; fileRef = D78DD95B14BE28AF00C6B0D3 /* FondoCelda.mm */; };
		D78DD96014BE297800C6B0D3 /* azul.png in Resources */ = {isa = PBXBuildFile; fileRef = D78DD95E14BE297800C6B0D3 /* azul.png */; };
		D78DD96114BE297800C6B0D3 /* naranja.png in Resources */ = {isa = PBXBuildFile; fileRef = D78DD95F14BE297800C6B0D3 /* naranja.png */; };
		D78DD96614BE2E4400C6B0D3 /* CeldaDetalleGrafica.mm in Sources */ = {isa = PBXBuildFile; fileRef = D78DD96414BE2E4400C6B0D3 /* CeldaDetalleGrafica.mm */; };
		D78DD96714BE2E4400C6B0D3 /* CeldaDetalleGrafica.xib in Resources */ = {isa = PBXBuildFile; fileRef = D78DD96514BE2E4400C6B0D3 /* CeldaDetalleGrafica.xib */; };
		D78DD96A14BE2F5000C6B0D3 /* DetalleGrafica.mm in Sources */ = {isa = PBXBuildFile; fileRef = D78DD96914BE2F5000C6B0D3 /* DetalleGrafica.mm */; };
		D7951E2814BF4017003593E6 /* CustomTabBarController.mm in Sources */ = {isa = PBXBuildFile; fileRef = D7951E2714BF4017003593E6 /* CustomTabBarController.mm */; };
		D7951E3714BF46A3003593E6 /* 112-group.png in Resources */ = {isa = PBXBuildFile; fileRef = D7951E3114BF46A3003593E6 /* 112-group.png */; };
		D7951E3814BF46A3003593E6 /* 112-group@2x.png in Resources */ = {isa = PBXBuildFile; fileRef = D7951E3214BF46A3003593E6 /* 112-group@2x.png */; };
		D7951E3914BF46A3003593E6 /* 123-id-card.png in Resources */ = {isa = PBXBuildFile; fileRef = D7951E3314BF46A3003593E6 /* 123-id-card.png */; };
		D7951E3A14BF46A3003593E6 /* 123-id-card@2x.png in Resources */ = {isa = PBXBuildFile; fileRef = D7951E3414BF46A3003593E6 /* 123-id-card@2x.png */; };
		D7951E3B14BF46A3003593E6 /* cameraTabBarItem.png in Resources */ = {isa = PBXBuildFile; fileRef = D7951E3514BF46A3003593E6 /* cameraTabBarItem.png */; };
		D7951E3C14BF46A3003593E6 /* cameraTabBarItem@2x.png in Resources */ = {isa = PBXBuildFile; fileRef = D7951E3614BF46A3003593E6 /* cameraTabBarItem@2x.png */; };
		D7951E3F14BF6F1E003593E6 /* ControlMaestro.m in Sources */ = {isa = PBXBuildFile; fileRef = D7951E3E14BF6F1E003593E6 /* ControlMaestro.m */; };
		D7951E4514BF75CE003593E6 /* ControladorListaRegiones.m in Sources */ = {isa = PBXBuildFile; fileRef = D7951E4414BF75CD003593E6 /* ControladorListaRegiones.m */; };
		F11D97DC14C1FB1500ECAB12 /* 100pxl_invest.png in Resources */ = {isa = PBXBuildFile; fileRef = F11D97DB14C1FB1500ECAB12 /* 100pxl_invest.png */; };
		F129870114BFB1900043C634 /* CloudMe.m in Sources */ = {isa = PBXBuildFile; fileRef = F12986FE14BFB1900043C634 /* CloudMe.m */; };
		F129870214BFB1900043C634 /* NoteSheet.m in Sources */ = {isa = PBXBuildFile; fileRef = F129870014BFB1900043C634 /* NoteSheet.m */; };
		F129873614BFB7240043C634 /* libsbjson-ios.a in Frameworks */ = {isa = PBXBuildFile; fileRef = F129873014BFB6F80043C634 /* libsbjson-ios.a */; };
		F129874D14BFD3B50043C634 /* Meeting.m in Sources */ = {isa = PBXBuildFile; fileRef = F129874C14BFD3B50043C634 /* Meeting.m */; };
		F129875014BFD47C0043C634 /* Persona.m in Sources */ = {isa = PBXBuildFile; fileRef = F129874F14BFD47C0043C634 /* Persona.m */; };
		F12C07BE14D701480014C2DC /* ProxyRefEntrevistado.m in Sources */ = {isa = PBXBuildFile; fileRef = F12C07BD14D701480014C2DC /* ProxyRefEntrevistado.m */; };
		F17EA15714D1E20000CB55DB /* DropboxSDK.framework in Frameworks */ = {isa = PBXBuildFile; fileRef = F17EA15614D1E20000CB55DB /* DropboxSDK.framework */; };
		F17EA15914D1E21400CB55DB /* Security.framework in Frameworks */ = {isa = PBXBuildFile; fileRef = F17EA15814D1E21400CB55DB /* Security.framework */; };
		F17EA1A314D354F800CB55DB /* JefeEntrevistadores.m in Sources */ = {isa = PBXBuildFile; fileRef = F17EA1A214D354F800CB55DB /* JefeEntrevistadores.m */; };
		F1B2BAF314C12A7C00C3370F /* ServicioBusqueda.m in Sources */ = {isa = PBXBuildFile; fileRef = F1B2BAF214C12A7C00C3370F /* ServicioBusqueda.m */; };
		F1BC448A14C89C170089E264 /* ServicioGestorDatos.m in Sources */ = {isa = PBXBuildFile; fileRef = F1BC448914C89C170089E264 /* ServicioGestorDatos.m */; };
		F1BC448D14C8A3810089E264 /* Documento.m in Sources */ = {isa = PBXBuildFile; fileRef = F1BC448C14C8A3810089E264 /* Documento.m */; };
		F1F6AF6214DC87FD000D017E /* JefeEntrevistadoresOtro.m in Sources */ = {isa = PBXBuildFile; fileRef = F1F6AF6114DC87FD000D017E /* JefeEntrevistadoresOtro.m */; };
/* End PBXBuildFile section */

/* Begin PBXContainerItemProxy section */
		D775641914BCD20D00A112A7 /* PBXContainerItemProxy */ = {
			isa = PBXContainerItemProxy;
			containerPortal = D775641114BCD20C00A112A7 /* ZXingWidget.xcodeproj */;
			proxyType = 2;
			remoteGlobalIDString = D2AAC07E0554694100DB518D;
			remoteInfo = ZXingWidget;
		};
		D775641D14BCD21C00A112A7 /* PBXContainerItemProxy */ = {
			isa = PBXContainerItemProxy;
			containerPortal = D775641114BCD20C00A112A7 /* ZXingWidget.xcodeproj */;
			proxyType = 1;
			remoteGlobalIDString = D2AAC07D0554694100DB518D;
			remoteInfo = ZXingWidget;
		};
		F129872B14BFB6F80043C634 /* PBXContainerItemProxy */ = {
			isa = PBXContainerItemProxy;
			containerPortal = F129872114BFB6F80043C634 /* SBJson.xcodeproj */;
			proxyType = 2;
			remoteGlobalIDString = BC12323D1391D5CC00131607;
			remoteInfo = SBJson;
		};
		F129872D14BFB6F80043C634 /* PBXContainerItemProxy */ = {
			isa = PBXContainerItemProxy;
			containerPortal = F129872114BFB6F80043C634 /* SBJson.xcodeproj */;
			proxyType = 2;
			remoteGlobalIDString = BC1232521391D5CC00131607;
			remoteInfo = SBJsonTests;
		};
		F129872F14BFB6F80043C634 /* PBXContainerItemProxy */ = {
			isa = PBXContainerItemProxy;
			containerPortal = F129872114BFB6F80043C634 /* SBJson.xcodeproj */;
			proxyType = 2;
			remoteGlobalIDString = BCC2626913920FC7003D9994;
			remoteInfo = "sbjson-ios";
		};
		F129873114BFB6F80043C634 /* PBXContainerItemProxy */ = {
			isa = PBXContainerItemProxy;
			containerPortal = F129872114BFB6F80043C634 /* SBJson.xcodeproj */;
			proxyType = 2;
			remoteGlobalIDString = BCC2627313920FC7003D9994;
			remoteInfo = "sbjson-iosTests";
		};
		F129873914BFB7640043C634 /* PBXContainerItemProxy */ = {
			isa = PBXContainerItemProxy;
			containerPortal = F129872114BFB6F80043C634 /* SBJson.xcodeproj */;
			proxyType = 1;
			remoteGlobalIDString = BCC2626813920FC7003D9994;
			remoteInfo = "sbjson-ios";
		};
/* End PBXContainerItemProxy section */

/* Begin PBXFileReference section */
		838D516514BE62C500DF03BD /* CeldaEncargadoPorRegion.h */ = {isa = PBXFileReference; fileEncoding = 4; lastKnownFileType = sourcecode.c.h; path = CeldaEncargadoPorRegion.h; sourceTree = "<group>"; };
		838D516614BE62C500DF03BD /* CeldaEncargadoPorRegion.mm */ = {isa = PBXFileReference; fileEncoding = 4; lastKnownFileType = sourcecode.cpp.objcpp; path = CeldaEncargadoPorRegion.mm; sourceTree = "<group>"; };
		838D516714BE62C500DF03BD /* CeldaEncargadoPorRegion.xib */ = {isa = PBXFileReference; fileEncoding = 4; lastKnownFileType = file.xib; path = CeldaEncargadoPorRegion.xib; sourceTree = "<group>"; };
		838D516814BE62C500DF03BD /* ControladorListaRegiones.xib */ = {isa = PBXFileReference; fileEncoding = 4; lastKnownFileType = file.xib; path = ControladorListaRegiones.xib; sourceTree = "<group>"; };
		83BFC5FD14BFAD6F00B0EE47 /* ControladorListaPersonas.h */ = {isa = PBXFileReference; fileEncoding = 4; lastKnownFileType = sourcecode.c.h; path = ControladorListaPersonas.h; sourceTree = "<group>"; };
		83BFC5FE14BFAD6F00B0EE47 /* ControladorListaPersonas.m */ = {isa = PBXFileReference; fileEncoding = 4; lastKnownFileType = sourcecode.c.objc; path = ControladorListaPersonas.m; sourceTree = "<group>"; };
		83BFC5FF14BFAD6F00B0EE47 /* ControladorListaPersonas.xib */ = {isa = PBXFileReference; fileEncoding = 4; lastKnownFileType = file.xib; path = ControladorListaPersonas.xib; sourceTree = "<group>"; };
		D77563EB14BCD00100A112A7 /* iMeetingMX.app */ = {isa = PBXFileReference; explicitFileType = wrapper.application; includeInIndex = 0; path = iMeetingMX.app; sourceTree = BUILT_PRODUCTS_DIR; };
		D77563EF14BCD00100A112A7 /* UIKit.framework */ = {isa = PBXFileReference; lastKnownFileType = wrapper.framework; name = UIKit.framework; path = System/Library/Frameworks/UIKit.framework; sourceTree = SDKROOT; };
		D77563F114BCD00100A112A7 /* Foundation.framework */ = {isa = PBXFileReference; lastKnownFileType = wrapper.framework; name = Foundation.framework; path = System/Library/Frameworks/Foundation.framework; sourceTree = SDKROOT; };
		D77563F314BCD00100A112A7 /* CoreGraphics.framework */ = {isa = PBXFileReference; lastKnownFileType = wrapper.framework; name = CoreGraphics.framework; path = System/Library/Frameworks/CoreGraphics.framework; sourceTree = SDKROOT; };
		D77563F714BCD00100A112A7 /* iMeeting-Info.plist */ = {isa = PBXFileReference; lastKnownFileType = text.plist.xml; path = "iMeeting-Info.plist"; sourceTree = "<group>"; };
		D77563F914BCD00100A112A7 /* en */ = {isa = PBXFileReference; lastKnownFileType = text.plist.strings; name = en; path = en.lproj/InfoPlist.strings; sourceTree = "<group>"; };
		D77563FB14BCD00100A112A7 /* main.m */ = {isa = PBXFileReference; lastKnownFileType = sourcecode.c.objc; path = main.m; sourceTree = "<group>"; };
		D77563FD14BCD00100A112A7 /* iMeetingMX-Prefix.pch */ = {isa = PBXFileReference; lastKnownFileType = sourcecode.c.h; path = "iMeetingMX-Prefix.pch"; sourceTree = "<group>"; };
		D77563FE14BCD00100A112A7 /* AppDelegate.h */ = {isa = PBXFileReference; lastKnownFileType = sourcecode.c.h; path = AppDelegate.h; sourceTree = "<group>"; };
		D77563FF14BCD00100A112A7 /* AppDelegate.m */ = {isa = PBXFileReference; lastKnownFileType = sourcecode.c.objc; path = AppDelegate.m; sourceTree = "<group>"; };
		D775641114BCD20C00A112A7 /* ZXingWidget.xcodeproj */ = {isa = PBXFileReference; lastKnownFileType = "wrapper.pb-project"; name = ZXingWidget.xcodeproj; path = ZXingWidget/ZXingWidget.xcodeproj; sourceTree = "<group>"; };
		D775642114BCD44A00A112A7 /* AudioToolbox.framework */ = {isa = PBXFileReference; lastKnownFileType = wrapper.framework; name = AudioToolbox.framework; path = System/Library/Frameworks/AudioToolbox.framework; sourceTree = SDKROOT; };
		D775642314BCD46C00A112A7 /* CoreMedia.framework */ = {isa = PBXFileReference; lastKnownFileType = wrapper.framework; name = CoreMedia.framework; path = System/Library/Frameworks/CoreMedia.framework; sourceTree = SDKROOT; };
		D775642414BCD46C00A112A7 /* CoreVideo.framework */ = {isa = PBXFileReference; lastKnownFileType = wrapper.framework; name = CoreVideo.framework; path = System/Library/Frameworks/CoreVideo.framework; sourceTree = SDKROOT; };
		D775642714BCD47800A112A7 /* AVFoundation.framework */ = {isa = PBXFileReference; lastKnownFileType = wrapper.framework; name = AVFoundation.framework; path = System/Library/Frameworks/AVFoundation.framework; sourceTree = SDKROOT; };
		D775642914BCD4C200A112A7 /* libiconv.dylib */ = {isa = PBXFileReference; lastKnownFileType = "compiled.mach-o.dylib"; name = libiconv.dylib; path = usr/lib/libiconv.dylib; sourceTree = SDKROOT; };
		D775643514BCD7BC00A112A7 /* AddressBook.framework */ = {isa = PBXFileReference; lastKnownFileType = wrapper.framework; name = AddressBook.framework; path = System/Library/Frameworks/AddressBook.framework; sourceTree = SDKROOT; };
		D775643614BCD7BC00A112A7 /* AddressBookUI.framework */ = {isa = PBXFileReference; lastKnownFileType = wrapper.framework; name = AddressBookUI.framework; path = System/Library/Frameworks/AddressBookUI.framework; sourceTree = SDKROOT; };
		D775643A14BCDC3100A112A7 /* ControladorScannner.h */ = {isa = PBXFileReference; fileEncoding = 4; lastKnownFileType = sourcecode.c.h; path = ControladorScannner.h; sourceTree = "<group>"; };
		D775643B14BCDC3100A112A7 /* ControladorScannner.mm */ = {isa = PBXFileReference; fileEncoding = 4; lastKnownFileType = sourcecode.cpp.objcpp; path = ControladorScannner.mm; sourceTree = "<group>"; };
		D775643C14BCDC3100A112A7 /* ControladorScannner.xib */ = {isa = PBXFileReference; fileEncoding = 4; lastKnownFileType = file.xib; path = ControladorScannner.xib; sourceTree = "<group>"; };
		D78DD94E14BE224E00C6B0D3 /* Entrevistador.h */ = {isa = PBXFileReference; fileEncoding = 4; lastKnownFileType = sourcecode.c.h; path = Entrevistador.h; sourceTree = "<group>"; };
		D78DD94F14BE224E00C6B0D3 /* Entrevistador.m */ = {isa = PBXFileReference; fileEncoding = 4; lastKnownFileType = sourcecode.c.objc; path = Entrevistador.m; sourceTree = "<group>"; };
		D78DD95114BE240A00C6B0D3 /* Entrevistado.h */ = {isa = PBXFileReference; fileEncoding = 4; lastKnownFileType = sourcecode.c.h; path = Entrevistado.h; sourceTree = "<group>"; };
		D78DD95214BE240A00C6B0D3 /* Entrevistado.m */ = {isa = PBXFileReference; fileEncoding = 4; lastKnownFileType = sourcecode.c.objc; path = Entrevistado.m; sourceTree = "<group>"; };
		D78DD95414BE25AF00C6B0D3 /* ControladorDetalleEntrevistador.h */ = {isa = PBXFileReference; fileEncoding = 4; lastKnownFileType = sourcecode.c.h; path = ControladorDetalleEntrevistador.h; sourceTree = "<group>"; };
		D78DD95514BE25AF00C6B0D3 /* ControladorDetalleEntrevistador.m */ = {isa = PBXFileReference; fileEncoding = 4; lastKnownFileType = sourcecode.c.objc; path = ControladorDetalleEntrevistador.m; sourceTree = "<group>"; };
		D78DD95614BE25AF00C6B0D3 /* ControladorDetalleEntrevistador.xib */ = {isa = PBXFileReference; fileEncoding = 4; lastKnownFileType = file.xib; path = ControladorDetalleEntrevistador.xib; sourceTree = "<group>"; };
		D78DD95A14BE28AF00C6B0D3 /* FondoCelda.h */ = {isa = PBXFileReference; fileEncoding = 4; lastKnownFileType = sourcecode.c.h; path = FondoCelda.h; sourceTree = "<group>"; };
		D78DD95B14BE28AF00C6B0D3 /* FondoCelda.mm */ = {isa = PBXFileReference; fileEncoding = 4; lastKnownFileType = sourcecode.cpp.objcpp; path = FondoCelda.mm; sourceTree = "<group>"; };
		D78DD95E14BE297800C6B0D3 /* azul.png */ = {isa = PBXFileReference; lastKnownFileType = image.png; name = azul.png; path = recursos/azul.png; sourceTree = SOURCE_ROOT; };
		D78DD95F14BE297800C6B0D3 /* naranja.png */ = {isa = PBXFileReference; lastKnownFileType = image.png; name = naranja.png; path = recursos/naranja.png; sourceTree = SOURCE_ROOT; };
		D78DD96314BE2E4400C6B0D3 /* CeldaDetalleGrafica.h */ = {isa = PBXFileReference; fileEncoding = 4; lastKnownFileType = sourcecode.c.h; path = CeldaDetalleGrafica.h; sourceTree = "<group>"; };
		D78DD96414BE2E4400C6B0D3 /* CeldaDetalleGrafica.mm */ = {isa = PBXFileReference; fileEncoding = 4; lastKnownFileType = sourcecode.cpp.objcpp; path = CeldaDetalleGrafica.mm; sourceTree = "<group>"; };
		D78DD96514BE2E4400C6B0D3 /* CeldaDetalleGrafica.xib */ = {isa = PBXFileReference; fileEncoding = 4; lastKnownFileType = file.xib; path = CeldaDetalleGrafica.xib; sourceTree = "<group>"; };
		D78DD96814BE2F5000C6B0D3 /* DetalleGrafica.h */ = {isa = PBXFileReference; fileEncoding = 4; lastKnownFileType = sourcecode.c.h; path = DetalleGrafica.h; sourceTree = "<group>"; };
		D78DD96914BE2F5000C6B0D3 /* DetalleGrafica.mm */ = {isa = PBXFileReference; fileEncoding = 4; lastKnownFileType = sourcecode.cpp.objcpp; path = DetalleGrafica.mm; sourceTree = "<group>"; };
		D7951E2614BF4017003593E6 /* CustomTabBarController.h */ = {isa = PBXFileReference; fileEncoding = 4; lastKnownFileType = sourcecode.c.h; path = CustomTabBarController.h; sourceTree = "<group>"; };
		D7951E2714BF4017003593E6 /* CustomTabBarController.mm */ = {isa = PBXFileReference; fileEncoding = 4; lastKnownFileType = sourcecode.cpp.objcpp; path = CustomTabBarController.mm; sourceTree = "<group>"; };
		D7951E3114BF46A3003593E6 /* 112-group.png */ = {isa = PBXFileReference; lastKnownFileType = image.png; name = "112-group.png"; path = "recursos/112-group.png"; sourceTree = SOURCE_ROOT; };
		D7951E3214BF46A3003593E6 /* 112-group@2x.png */ = {isa = PBXFileReference; lastKnownFileType = image.png; name = "112-group@2x.png"; path = "recursos/112-group@2x.png"; sourceTree = SOURCE_ROOT; };
		D7951E3314BF46A3003593E6 /* 123-id-card.png */ = {isa = PBXFileReference; lastKnownFileType = image.png; name = "123-id-card.png"; path = "recursos/123-id-card.png"; sourceTree = SOURCE_ROOT; };
		D7951E3414BF46A3003593E6 /* 123-id-card@2x.png */ = {isa = PBXFileReference; lastKnownFileType = image.png; name = "123-id-card@2x.png"; path = "recursos/123-id-card@2x.png"; sourceTree = SOURCE_ROOT; };
		D7951E3514BF46A3003593E6 /* cameraTabBarItem.png */ = {isa = PBXFileReference; lastKnownFileType = image.png; name = cameraTabBarItem.png; path = recursos/cameraTabBarItem.png; sourceTree = SOURCE_ROOT; };
		D7951E3614BF46A3003593E6 /* cameraTabBarItem@2x.png */ = {isa = PBXFileReference; lastKnownFileType = image.png; name = "cameraTabBarItem@2x.png"; path = "recursos/cameraTabBarItem@2x.png"; sourceTree = SOURCE_ROOT; };
		D7951E3D14BF6F1E003593E6 /* ControlMaestro.h */ = {isa = PBXFileReference; fileEncoding = 4; lastKnownFileType = sourcecode.c.h; path = ControlMaestro.h; sourceTree = "<group>"; };
		D7951E3E14BF6F1E003593E6 /* ControlMaestro.m */ = {isa = PBXFileReference; fileEncoding = 4; lastKnownFileType = sourcecode.c.objc; path = ControlMaestro.m; sourceTree = "<group>"; };
		D7951E4114BF7258003593E6 /* iDelegadoControladorNavegacion.h */ = {isa = PBXFileReference; fileEncoding = 4; lastKnownFileType = sourcecode.c.h; path = iDelegadoControladorNavegacion.h; sourceTree = "<group>"; };
		D7951E4214BF731A003593E6 /* iDelegadoControladorLista.h */ = {isa = PBXFileReference; fileEncoding = 4; lastKnownFileType = sourcecode.c.h; path = iDelegadoControladorLista.h; sourceTree = "<group>"; };
		D7951E4314BF75CC003593E6 /* ControladorListaRegiones.h */ = {isa = PBXFileReference; fileEncoding = 4; lastKnownFileType = sourcecode.c.h; path = ControladorListaRegiones.h; sourceTree = "<group>"; };
		D7951E4414BF75CD003593E6 /* ControladorListaRegiones.m */ = {isa = PBXFileReference; fileEncoding = 4; lastKnownFileType = sourcecode.c.objc; path = ControladorListaRegiones.m; sourceTree = "<group>"; };
		D7A5193214C0C357003AE69B /* iServicioBusqueda.h */ = {isa = PBXFileReference; fileEncoding = 4; lastKnownFileType = sourcecode.c.h; path = iServicioBusqueda.h; sourceTree = "<group>"; };
		D7A5193314C0C499003AE69B /* iDelegadoControladorScanner.h */ = {isa = PBXFileReference; fileEncoding = 4; lastKnownFileType = sourcecode.c.h; path = iDelegadoControladorScanner.h; sourceTree = "<group>"; };
		F11D97DB14C1FB1500ECAB12 /* 100pxl_invest.png */ = {isa = PBXFileReference; lastKnownFileType = image.png; name = 100pxl_invest.png; path = recursos/100pxl_invest.png; sourceTree = SOURCE_ROOT; };
		F12986FB14BFAE900043C634 /* iMeeting.entitlements */ = {isa = PBXFileReference; lastKnownFileType = text.xml; path = iMeeting.entitlements; sourceTree = "<group>"; };
		F12986FD14BFB1900043C634 /* CloudMe.h */ = {isa = PBXFileReference; fileEncoding = 4; lastKnownFileType = sourcecode.c.h; path = CloudMe.h; sourceTree = "<group>"; };
		F12986FE14BFB1900043C634 /* CloudMe.m */ = {isa = PBXFileReference; fileEncoding = 4; lastKnownFileType = sourcecode.c.objc; path = CloudMe.m; sourceTree = "<group>"; };
		F12986FF14BFB1900043C634 /* NoteSheet.h */ = {isa = PBXFileReference; fileEncoding = 4; lastKnownFileType = sourcecode.c.h; path = NoteSheet.h; sourceTree = "<group>"; };
		F129870014BFB1900043C634 /* NoteSheet.m */ = {isa = PBXFileReference; fileEncoding = 4; lastKnownFileType = sourcecode.c.objc; path = NoteSheet.m; sourceTree = "<group>"; };
		F129872114BFB6F80043C634 /* SBJson.xcodeproj */ = {isa = PBXFileReference; lastKnownFileType = "wrapper.pb-project"; name = SBJson.xcodeproj; path = "json-framework/SBJson.xcodeproj"; sourceTree = "<group>"; };
		F129874B14BFD3B50043C634 /* Meeting.h */ = {isa = PBXFileReference; fileEncoding = 4; lastKnownFileType = sourcecode.c.h; path = Meeting.h; sourceTree = "<group>"; };
		F129874C14BFD3B50043C634 /* Meeting.m */ = {isa = PBXFileReference; fileEncoding = 4; lastKnownFileType = sourcecode.c.objc; path = Meeting.m; sourceTree = "<group>"; };
		F129874E14BFD47C0043C634 /* Persona.h */ = {isa = PBXFileReference; fileEncoding = 4; lastKnownFileType = sourcecode.c.h; path = Persona.h; sourceTree = "<group>"; };
		F129874F14BFD47C0043C634 /* Persona.m */ = {isa = PBXFileReference; fileEncoding = 4; lastKnownFileType = sourcecode.c.objc; path = Persona.m; sourceTree = "<group>"; };
		F12C07BC14D701480014C2DC /* ProxyRefEntrevistado.h */ = {isa = PBXFileReference; fileEncoding = 4; lastKnownFileType = sourcecode.c.h; path = ProxyRefEntrevistado.h; sourceTree = "<group>"; };
		F12C07BD14D701480014C2DC /* ProxyRefEntrevistado.m */ = {isa = PBXFileReference; fileEncoding = 4; lastKnownFileType = sourcecode.c.objc; path = ProxyRefEntrevistado.m; sourceTree = "<group>"; };
		F12C07C014D7419C0014C2DC /* iControladorVista.h */ = {isa = PBXFileReference; fileEncoding = 4; lastKnownFileType = sourcecode.c.h; path = iControladorVista.h; sourceTree = "<group>"; };
		F17EA15614D1E20000CB55DB /* DropboxSDK.framework */ = {isa = PBXFileReference; lastKnownFileType = wrapper.framework; path = DropboxSDK.framework; sourceTree = "<group>"; };
		F17EA15814D1E21400CB55DB /* Security.framework */ = {isa = PBXFileReference; lastKnownFileType = wrapper.framework; name = Security.framework; path = System/Library/Frameworks/Security.framework; sourceTree = SDKROOT; };
		F17EA1A114D354F800CB55DB /* JefeEntrevistadores.h */ = {isa = PBXFileReference; fileEncoding = 4; lastKnownFileType = sourcecode.c.h; path = JefeEntrevistadores.h; sourceTree = "<group>"; };
		F17EA1A214D354F800CB55DB /* JefeEntrevistadores.m */ = {isa = PBXFileReference; fileEncoding = 4; lastKnownFileType = sourcecode.c.objc; path = JefeEntrevistadores.m; sourceTree = "<group>"; };
		F1B2BAF114C12A7C00C3370F /* ServicioBusqueda.h */ = {isa = PBXFileReference; fileEncoding = 4; lastKnownFileType = sourcecode.c.h; path = ServicioBusqueda.h; sourceTree = "<group>"; };
		F1B2BAF214C12A7C00C3370F /* ServicioBusqueda.m */ = {isa = PBXFileReference; fileEncoding = 4; lastKnownFileType = sourcecode.c.objc; path = ServicioBusqueda.m; sourceTree = "<group>"; };
		F1BC448814C89C170089E264 /* ServicioGestorDatos.h */ = {isa = PBXFileReference; fileEncoding = 4; lastKnownFileType = sourcecode.c.h; path = ServicioGestorDatos.h; sourceTree = "<group>"; };
		F1BC448914C89C170089E264 /* ServicioGestorDatos.m */ = {isa = PBXFileReference; fileEncoding = 4; lastKnownFileType = sourcecode.c.objc; path = ServicioGestorDatos.m; sourceTree = "<group>"; };
		F1BC448B14C8A3810089E264 /* Documento.h */ = {isa = PBXFileReference; fileEncoding = 4; lastKnownFileType = sourcecode.c.h; path = Documento.h; sourceTree = "<group>"; };
		F1BC448C14C8A3810089E264 /* Documento.m */ = {isa = PBXFileReference; fileEncoding = 4; lastKnownFileType = sourcecode.c.objc; path = Documento.m; sourceTree = "<group>"; };
		F1F6AF6014DC87FD000D017E /* JefeEntrevistadoresOtro.h */ = {isa = PBXFileReference; fileEncoding = 4; lastKnownFileType = sourcecode.c.h; path = JefeEntrevistadoresOtro.h; sourceTree = "<group>"; };
		F1F6AF6114DC87FD000D017E /* JefeEntrevistadoresOtro.m */ = {isa = PBXFileReference; fileEncoding = 4; lastKnownFileType = sourcecode.c.objc; path = JefeEntrevistadoresOtro.m; sourceTree = "<group>"; };
/* End PBXFileReference section */

/* Begin PBXFrameworksBuildPhase section */
		D77563E814BCD00100A112A7 /* Frameworks */ = {
			isa = PBXFrameworksBuildPhase;
			buildActionMask = 2147483647;
			files = (
				F17EA15914D1E21400CB55DB /* Security.framework in Frameworks */,
				F129873614BFB7240043C634 /* libsbjson-ios.a in Frameworks */,
				D775643714BCD7BC00A112A7 /* AddressBook.framework in Frameworks */,
				D775643814BCD7BC00A112A7 /* AddressBookUI.framework in Frameworks */,
				D775642A14BCD4C200A112A7 /* libiconv.dylib in Frameworks */,
				D775642814BCD47800A112A7 /* AVFoundation.framework in Frameworks */,
				D775642514BCD46C00A112A7 /* CoreMedia.framework in Frameworks */,
				D775642614BCD46C00A112A7 /* CoreVideo.framework in Frameworks */,
				D775642214BCD44A00A112A7 /* AudioToolbox.framework in Frameworks */,
				D77563F414BCD00100A112A7 /* CoreGraphics.framework in Frameworks */,
				D775642014BCD41D00A112A7 /* libZXingWidget.a in Frameworks */,
				D77563F014BCD00100A112A7 /* UIKit.framework in Frameworks */,
				D77563F214BCD00100A112A7 /* Foundation.framework in Frameworks */,
				F17EA15714D1E20000CB55DB /* DropboxSDK.framework in Frameworks */,
			);
			runOnlyForDeploymentPostprocessing = 0;
		};
/* End PBXFrameworksBuildPhase section */

/* Begin PBXGroup section */
		D77563E014BCD00100A112A7 = {
			isa = PBXGroup;
			children = (
				F17EA15814D1E21400CB55DB /* Security.framework */,
				F17EA15614D1E20000CB55DB /* DropboxSDK.framework */,
				D775643514BCD7BC00A112A7 /* AddressBook.framework */,
				D775643614BCD7BC00A112A7 /* AddressBookUI.framework */,
				D775642914BCD4C200A112A7 /* libiconv.dylib */,
				D775642714BCD47800A112A7 /* AVFoundation.framework */,
				D775642314BCD46C00A112A7 /* CoreMedia.framework */,
				D775642414BCD46C00A112A7 /* CoreVideo.framework */,
				D775642114BCD44A00A112A7 /* AudioToolbox.framework */,
				D77563F514BCD00100A112A7 /* iMeeting */,
				D77563EE14BCD00100A112A7 /* Frameworks */,
				D77563EC14BCD00100A112A7 /* Products */,
			);
			sourceTree = "<group>";
		};
		D77563EC14BCD00100A112A7 /* Products */ = {
			isa = PBXGroup;
			children = (
				D77563EB14BCD00100A112A7 /* iMeetingMX.app */,
			);
			name = Products;
			sourceTree = "<group>";
		};
		D77563EE14BCD00100A112A7 /* Frameworks */ = {
			isa = PBXGroup;
			children = (
				F129872114BFB6F80043C634 /* SBJson.xcodeproj */,
				F12986FC14BFB17B0043C634 /* iCloudMe */,
				D775641114BCD20C00A112A7 /* ZXingWidget.xcodeproj */,
				D77563EF14BCD00100A112A7 /* UIKit.framework */,
				D77563F114BCD00100A112A7 /* Foundation.framework */,
				D77563F314BCD00100A112A7 /* CoreGraphics.framework */,
			);
			name = Frameworks;
			sourceTree = "<group>";
		};
		D77563F514BCD00100A112A7 /* iMeeting */ = {
			isa = PBXGroup;
			children = (
				F12986FB14BFAE900043C634 /* iMeeting.entitlements */,
				D78DD95914BE278C00C6B0D3 /* Utilidades */,
				D78DD94D14BE220F00C6B0D3 /* Servicio */,
				D78DD94C14BE21A500C6B0D3 /* ControladorNegocio */,
				D78DD94B14BE219000C6B0D3 /* modelo */,
				D775643F14BCDC3800A112A7 /* Vista */,
				D775643914BCDAAA00A112A7 /* ControladorVista */,
				D77563FF14BCD00100A112A7 /* AppDelegate.m */,
				D77563FE14BCD00100A112A7 /* AppDelegate.h */,
				D77563F614BCD00100A112A7 /* Supporting Files */,
			);
			path = iMeeting;
			sourceTree = "<group>";
		};
		D77563F614BCD00100A112A7 /* Supporting Files */ = {
			isa = PBXGroup;
			children = (
				D78DD95D14BE290500C6B0D3 /* Recursos */,
				D77563F714BCD00100A112A7 /* iMeeting-Info.plist */,
				D77563F814BCD00100A112A7 /* InfoPlist.strings */,
				D77563FB14BCD00100A112A7 /* main.m */,
				D77563FD14BCD00100A112A7 /* iMeetingMX-Prefix.pch */,
			);
			name = "Supporting Files";
			sourceTree = "<group>";
		};
		D775641214BCD20C00A112A7 /* Products */ = {
			isa = PBXGroup;
			children = (
				D775641A14BCD20D00A112A7 /* libZXingWidget.a */,
			);
			name = Products;
			sourceTree = "<group>";
		};
		D775643914BCDAAA00A112A7 /* ControladorVista */ = {
			isa = PBXGroup;
			children = (
				F12C07BF14D7417F0014C2DC /* Protocolo */,
				D78DD96214BE2D4600C6B0D3 /* Componentes */,
				D7951E4314BF75CC003593E6 /* ControladorListaRegiones.h */,
				D7951E4414BF75CD003593E6 /* ControladorListaRegiones.m */,
				D775643A14BCDC3100A112A7 /* ControladorScannner.h */,
				D775643B14BCDC3100A112A7 /* ControladorScannner.mm */,
				D78DD95414BE25AF00C6B0D3 /* ControladorDetalleEntrevistador.h */,
				D78DD95514BE25AF00C6B0D3 /* ControladorDetalleEntrevistador.m */,
				83BFC5FD14BFAD6F00B0EE47 /* ControladorListaPersonas.h */,
				83BFC5FE14BFAD6F00B0EE47 /* ControladorListaPersonas.m */,
			);
			name = ControladorVista;
			sourceTree = "<group>";
		};
		D775643F14BCDC3800A112A7 /* Vista */ = {
			isa = PBXGroup;
			children = (
				D78DD96514BE2E4400C6B0D3 /* CeldaDetalleGrafica.xib */,
				D775643C14BCDC3100A112A7 /* ControladorScannner.xib */,
				D78DD95614BE25AF00C6B0D3 /* ControladorDetalleEntrevistador.xib */,
				838D516714BE62C500DF03BD /* CeldaEncargadoPorRegion.xib */,
				838D516814BE62C500DF03BD /* ControladorListaRegiones.xib */,
				83BFC5FF14BFAD6F00B0EE47 /* ControladorListaPersonas.xib */,
			);
			name = Vista;
			sourceTree = "<group>";
		};
		D78DD94B14BE219000C6B0D3 /* modelo */ = {
			isa = PBXGroup;
			children = (
				D78DD94E14BE224E00C6B0D3 /* Entrevistador.h */,
				D78DD94F14BE224E00C6B0D3 /* Entrevistador.m */,
				D78DD95114BE240A00C6B0D3 /* Entrevistado.h */,
				D78DD95214BE240A00C6B0D3 /* Entrevistado.m */,
				F129874B14BFD3B50043C634 /* Meeting.h */,
				F129874C14BFD3B50043C634 /* Meeting.m */,
				F129874E14BFD47C0043C634 /* Persona.h */,
				F129874F14BFD47C0043C634 /* Persona.m */,
				F17EA1A114D354F800CB55DB /* JefeEntrevistadores.h */,
				F17EA1A214D354F800CB55DB /* JefeEntrevistadores.m */,
				F12C07BC14D701480014C2DC /* ProxyRefEntrevistado.h */,
				F12C07BD14D701480014C2DC /* ProxyRefEntrevistado.m */,
				F1F6AF6014DC87FD000D017E /* JefeEntrevistadoresOtro.h */,
				F1F6AF6114DC87FD000D017E /* JefeEntrevistadoresOtro.m */,
			);
			name = modelo;
			sourceTree = "<group>";
		};
		D78DD94C14BE21A500C6B0D3 /* ControladorNegocio */ = {
			isa = PBXGroup;
			children = (
				D7951E4014BF6F42003593E6 /* Protocolo */,
				D7951E3D14BF6F1E003593E6 /* ControlMaestro.h */,
				D7951E3E14BF6F1E003593E6 /* ControlMaestro.m */,
			);
			name = ControladorNegocio;
			sourceTree = "<group>";
		};
		D78DD94D14BE220F00C6B0D3 /* Servicio */ = {
			isa = PBXGroup;
			children = (
				D7951E4614BF8EA9003593E6 /* Protocolo */,
				F1B2BAF114C12A7C00C3370F /* ServicioBusqueda.h */,
				F1B2BAF214C12A7C00C3370F /* ServicioBusqueda.m */,
				F1BC448814C89C170089E264 /* ServicioGestorDatos.h */,
				F1BC448914C89C170089E264 /* ServicioGestorDatos.m */,
			);
			name = Servicio;
			sourceTree = "<group>";
		};
		D78DD95914BE278C00C6B0D3 /* Utilidades */ = {
			isa = PBXGroup;
			children = (
				D78DD95A14BE28AF00C6B0D3 /* FondoCelda.h */,
				D78DD95B14BE28AF00C6B0D3 /* FondoCelda.mm */,
				F1BC448B14C8A3810089E264 /* Documento.h */,
				F1BC448C14C8A3810089E264 /* Documento.m */,
			);
			name = Utilidades;
			sourceTree = "<group>";
		};
		D78DD95D14BE290500C6B0D3 /* Recursos */ = {
			isa = PBXGroup;
			children = (
				F11D97DB14C1FB1500ECAB12 /* 100pxl_invest.png */,
				D7951E3114BF46A3003593E6 /* 112-group.png */,
				D7951E3214BF46A3003593E6 /* 112-group@2x.png */,
				D7951E3314BF46A3003593E6 /* 123-id-card.png */,
				D7951E3414BF46A3003593E6 /* 123-id-card@2x.png */,
				D7951E3514BF46A3003593E6 /* cameraTabBarItem.png */,
				D7951E3614BF46A3003593E6 /* cameraTabBarItem@2x.png */,
				D78DD95E14BE297800C6B0D3 /* azul.png */,
				D78DD95F14BE297800C6B0D3 /* naranja.png */,
			);
			name = Recursos;
			sourceTree = "<group>";
		};
		D78DD96214BE2D4600C6B0D3 /* Componentes */ = {
			isa = PBXGroup;
			children = (
				D7951E2614BF4017003593E6 /* CustomTabBarController.h */,
				D7951E2714BF4017003593E6 /* CustomTabBarController.mm */,
				838D516514BE62C500DF03BD /* CeldaEncargadoPorRegion.h */,
				838D516614BE62C500DF03BD /* CeldaEncargadoPorRegion.mm */,
				D78DD96814BE2F5000C6B0D3 /* DetalleGrafica.h */,
				D78DD96914BE2F5000C6B0D3 /* DetalleGrafica.mm */,
				D78DD96314BE2E4400C6B0D3 /* CeldaDetalleGrafica.h */,
				D78DD96414BE2E4400C6B0D3 /* CeldaDetalleGrafica.mm */,
			);
			name = Componentes;
			sourceTree = "<group>";
		};
		D7951E4014BF6F42003593E6 /* Protocolo */ = {
			isa = PBXGroup;
			children = (
				D7951E4114BF7258003593E6 /* iDelegadoControladorNavegacion.h */,
				D7951E4214BF731A003593E6 /* iDelegadoControladorLista.h */,
				D7A5193314C0C499003AE69B /* iDelegadoControladorScanner.h */,
			);
			name = Protocolo;
			sourceTree = "<group>";
		};
		D7951E4614BF8EA9003593E6 /* Protocolo */ = {
			isa = PBXGroup;
			children = (
				D7A5193214C0C357003AE69B /* iServicioBusqueda.h */,
			);
			name = Protocolo;
			sourceTree = "<group>";
		};
		F12986FC14BFB17B0043C634 /* iCloudMe */ = {
			isa = PBXGroup;
			children = (
				F12986FD14BFB1900043C634 /* CloudMe.h */,
				F12986FE14BFB1900043C634 /* CloudMe.m */,
				F12986FF14BFB1900043C634 /* NoteSheet.h */,
				F129870014BFB1900043C634 /* NoteSheet.m */,
			);
			name = iCloudMe;
			sourceTree = "<group>";
		};
		F129872214BFB6F80043C634 /* Products */ = {
			isa = PBXGroup;
			children = (
				F129872C14BFB6F80043C634 /* SBJson.framework */,
				F129872E14BFB6F80043C634 /* SBJsonTests.octest */,
				F129873014BFB6F80043C634 /* libsbjson-ios.a */,
				F129873214BFB6F80043C634 /* sbjson-iosTests.octest */,
			);
			name = Products;
			sourceTree = "<group>";
		};
		F12C07BF14D7417F0014C2DC /* Protocolo */ = {
			isa = PBXGroup;
			children = (
				F12C07C014D7419C0014C2DC /* iControladorVista.h */,
			);
			name = Protocolo;
			sourceTree = "<group>";
		};
/* End PBXGroup section */

/* Begin PBXNativeTarget section */
		D77563EA14BCD00100A112A7 /* iMeetingMX */ = {
			isa = PBXNativeTarget;
			buildConfigurationList = D775640314BCD00100A112A7 /* Build configuration list for PBXNativeTarget "iMeetingMX" */;
			buildPhases = (
				D77563E714BCD00100A112A7 /* Sources */,
				D77563E814BCD00100A112A7 /* Frameworks */,
				D77563E914BCD00100A112A7 /* Resources */,
			);
			buildRules = (
			);
			dependencies = (
				F129873A14BFB7640043C634 /* PBXTargetDependency */,
				D775641E14BCD21C00A112A7 /* PBXTargetDependency */,
			);
			name = iMeetingMX;
			productName = iMeeting;
			productReference = D77563EB14BCD00100A112A7 /* iMeetingMX.app */;
			productType = "com.apple.product-type.application";
		};
/* End PBXNativeTarget section */

/* Begin PBXProject section */
		D77563E214BCD00100A112A7 /* Project object */ = {
			isa = PBXProject;
			attributes = {
				LastUpgradeCheck = 0420;
				ORGANIZATIONNAME = INEGI;
			};
			buildConfigurationList = D77563E514BCD00100A112A7 /* Build configuration list for PBXProject "iMeetingMX" */;
			compatibilityVersion = "Xcode 3.2";
			developmentRegion = English;
			hasScannedForEncodings = 0;
			knownRegions = (
				en,
			);
			mainGroup = D77563E014BCD00100A112A7;
			productRefGroup = D77563EC14BCD00100A112A7 /* Products */;
			projectDirPath = "";
			projectReferences = (
				{
					ProductGroup = F129872214BFB6F80043C634 /* Products */;
					ProjectRef = F129872114BFB6F80043C634 /* SBJson.xcodeproj */;
				},
				{
					ProductGroup = D775641214BCD20C00A112A7 /* Products */;
					ProjectRef = D775641114BCD20C00A112A7 /* ZXingWidget.xcodeproj */;
				},
			);
			projectRoot = "";
			targets = (
				D77563EA14BCD00100A112A7 /* iMeetingMX */,
			);
		};
/* End PBXProject section */

/* Begin PBXReferenceProxy section */
		D775641A14BCD20D00A112A7 /* libZXingWidget.a */ = {
			isa = PBXReferenceProxy;
			fileType = archive.ar;
			path = libZXingWidget.a;
			remoteRef = D775641914BCD20D00A112A7 /* PBXContainerItemProxy */;
			sourceTree = BUILT_PRODUCTS_DIR;
		};
		F129872C14BFB6F80043C634 /* SBJson.framework */ = {
			isa = PBXReferenceProxy;
			fileType = wrapper.framework;
			path = SBJson.framework;
			remoteRef = F129872B14BFB6F80043C634 /* PBXContainerItemProxy */;
			sourceTree = BUILT_PRODUCTS_DIR;
		};
		F129872E14BFB6F80043C634 /* SBJsonTests.octest */ = {
			isa = PBXReferenceProxy;
			fileType = wrapper.cfbundle;
			path = SBJsonTests.octest;
			remoteRef = F129872D14BFB6F80043C634 /* PBXContainerItemProxy */;
			sourceTree = BUILT_PRODUCTS_DIR;
		};
		F129873014BFB6F80043C634 /* libsbjson-ios.a */ = {
			isa = PBXReferenceProxy;
			fileType = archive.ar;
			path = "libsbjson-ios.a";
			remoteRef = F129872F14BFB6F80043C634 /* PBXContainerItemProxy */;
			sourceTree = BUILT_PRODUCTS_DIR;
		};
		F129873214BFB6F80043C634 /* sbjson-iosTests.octest */ = {
			isa = PBXReferenceProxy;
			fileType = wrapper.cfbundle;
			path = "sbjson-iosTests.octest";
			remoteRef = F129873114BFB6F80043C634 /* PBXContainerItemProxy */;
			sourceTree = BUILT_PRODUCTS_DIR;
		};
/* End PBXReferenceProxy section */

/* Begin PBXResourcesBuildPhase section */
		D77563E914BCD00100A112A7 /* Resources */ = {
			isa = PBXResourcesBuildPhase;
			buildActionMask = 2147483647;
			files = (
				D77563FA14BCD00100A112A7 /* InfoPlist.strings in Resources */,
				D775643E14BCDC3100A112A7 /* ControladorScannner.xib in Resources */,
				D78DD95814BE25AF00C6B0D3 /* ControladorDetalleEntrevistador.xib in Resources */,
				D78DD96014BE297800C6B0D3 /* azul.png in Resources */,
				D78DD96114BE297800C6B0D3 /* naranja.png in Resources */,
				D78DD96714BE2E4400C6B0D3 /* CeldaDetalleGrafica.xib in Resources */,
				838D516C14BE62C500DF03BD /* CeldaEncargadoPorRegion.xib in Resources */,
				838D516D14BE62C500DF03BD /* ControladorListaRegiones.xib in Resources */,
				D7951E3714BF46A3003593E6 /* 112-group.png in Resources */,
				D7951E3814BF46A3003593E6 /* 112-group@2x.png in Resources */,
				D7951E3914BF46A3003593E6 /* 123-id-card.png in Resources */,
				D7951E3A14BF46A3003593E6 /* 123-id-card@2x.png in Resources */,
				D7951E3B14BF46A3003593E6 /* cameraTabBarItem.png in Resources */,
				D7951E3C14BF46A3003593E6 /* cameraTabBarItem@2x.png in Resources */,
				83BFC60114BFAD6F00B0EE47 /* ControladorListaPersonas.xib in Resources */,
				F11D97DC14C1FB1500ECAB12 /* 100pxl_invest.png in Resources */,
			);
			runOnlyForDeploymentPostprocessing = 0;
		};
/* End PBXResourcesBuildPhase section */

/* Begin PBXSourcesBuildPhase section */
		D77563E714BCD00100A112A7 /* Sources */ = {
			isa = PBXSourcesBuildPhase;
			buildActionMask = 2147483647;
			files = (
				D77563FC14BCD00100A112A7 /* main.m in Sources */,
				D775640014BCD00100A112A7 /* AppDelegate.m in Sources */,
				D775643D14BCDC3100A112A7 /* ControladorScannner.mm in Sources */,
				D78DD95014BE224E00C6B0D3 /* Entrevistador.m in Sources */,
				D78DD95314BE240A00C6B0D3 /* Entrevistado.m in Sources */,
				D78DD95714BE25AF00C6B0D3 /* ControladorDetalleEntrevistador.m in Sources */,
				D78DD95C14BE28AF00C6B0D3 /* FondoCelda.mm in Sources */,
				D78DD96614BE2E4400C6B0D3 /* CeldaDetalleGrafica.mm in Sources */,
				D78DD96A14BE2F5000C6B0D3 /* DetalleGrafica.mm in Sources */,
				838D516B14BE62C500DF03BD /* CeldaEncargadoPorRegion.mm in Sources */,
				D7951E2814BF4017003593E6 /* CustomTabBarController.mm in Sources */,
				D7951E3F14BF6F1E003593E6 /* ControlMaestro.m in Sources */,
				D7951E4514BF75CE003593E6 /* ControladorListaRegiones.m in Sources */,
				F129870114BFB1900043C634 /* CloudMe.m in Sources */,
				F129870214BFB1900043C634 /* NoteSheet.m in Sources */,
				83BFC60014BFAD6F00B0EE47 /* ControladorListaPersonas.m in Sources */,
				F129874D14BFD3B50043C634 /* Meeting.m in Sources */,
				F129875014BFD47C0043C634 /* Persona.m in Sources */,
				F1B2BAF314C12A7C00C3370F /* ServicioBusqueda.m in Sources */,
				F1BC448A14C89C170089E264 /* ServicioGestorDatos.m in Sources */,
				F1BC448D14C8A3810089E264 /* Documento.m in Sources */,
				F17EA1A314D354F800CB55DB /* JefeEntrevistadores.m in Sources */,
				F12C07BE14D701480014C2DC /* ProxyRefEntrevistado.m in Sources */,
				F1F6AF6214DC87FD000D017E /* JefeEntrevistadoresOtro.m in Sources */,
			);
			runOnlyForDeploymentPostprocessing = 0;
		};
/* End PBXSourcesBuildPhase section */

/* Begin PBXTargetDependency section */
		D775641E14BCD21C00A112A7 /* PBXTargetDependency */ = {
			isa = PBXTargetDependency;
			name = ZXingWidget;
			targetProxy = D775641D14BCD21C00A112A7 /* PBXContainerItemProxy */;
		};
		F129873A14BFB7640043C634 /* PBXTargetDependency */ = {
			isa = PBXTargetDependency;
			name = "sbjson-ios";
			targetProxy = F129873914BFB7640043C634 /* PBXContainerItemProxy */;
		};
/* End PBXTargetDependency section */

/* Begin PBXVariantGroup section */
		D77563F814BCD00100A112A7 /* InfoPlist.strings */ = {
			isa = PBXVariantGroup;
			children = (
				D77563F914BCD00100A112A7 /* en */,
			);
			name = InfoPlist.strings;
			sourceTree = "<group>";
		};
/* End PBXVariantGroup section */

/* Begin XCBuildConfiguration section */
		D775640114BCD00100A112A7 /* Debug */ = {
			isa = XCBuildConfiguration;
			buildSettings = {
				ALWAYS_SEARCH_USER_PATHS = NO;
				ARCHS = "$(ARCHS_STANDARD_32_BIT)";
				CODE_SIGN_IDENTITY = "iPhone Developer";
				"CODE_SIGN_IDENTITY[sdk=iphoneos*]" = "iPhone Developer";
				COPY_PHASE_STRIP = NO;
				GCC_C_LANGUAGE_STANDARD = gnu99;
				GCC_DYNAMIC_NO_PIC = NO;
				GCC_OPTIMIZATION_LEVEL = 0;
				GCC_PREPROCESSOR_DEFINITIONS = (
					"DEBUG=1",
					"$(inherited)",
				);
				GCC_SYMBOLS_PRIVATE_EXTERN = NO;
				GCC_VERSION = com.apple.compilers.llvm.clang.1_0;
				GCC_WARN_ABOUT_MISSING_PROTOTYPES = YES;
				GCC_WARN_ABOUT_RETURN_TYPE = YES;
				GCC_WARN_UNUSED_VARIABLE = YES;
				HEADER_SEARCH_PATHS = "\"$(SRCROOT)/cpp/core/src\"";
				IPHONEOS_DEPLOYMENT_TARGET = 5.0;
				OTHER_LDFLAGS = (
					"-lstdc++",
					"-ObjC",
				);
				PROVISIONING_PROFILE = "";
				"PROVISIONING_PROFILE[sdk=iphoneos*]" = "";
				SDKROOT = iphoneos;
				USER_HEADER_SEARCH_PATHS = "\"$(SRCROOT)/ZXingWidget/Classes\"";
			};
			name = Debug;
		};
		D775640214BCD00100A112A7 /* Release */ = {
			isa = XCBuildConfiguration;
			buildSettings = {
				ALWAYS_SEARCH_USER_PATHS = NO;
				ARCHS = "$(ARCHS_STANDARD_32_BIT)";
				CODE_SIGN_IDENTITY = "iPhone Developer";
				"CODE_SIGN_IDENTITY[sdk=iphoneos*]" = "iPhone Developer";
				COPY_PHASE_STRIP = YES;
				GCC_C_LANGUAGE_STANDARD = gnu99;
				GCC_VERSION = com.apple.compilers.llvm.clang.1_0;
				GCC_WARN_ABOUT_MISSING_PROTOTYPES = YES;
				GCC_WARN_ABOUT_RETURN_TYPE = YES;
				GCC_WARN_UNUSED_VARIABLE = YES;
				HEADER_SEARCH_PATHS = "\"$(SRCROOT)/cpp/core/src\"";
				IPHONEOS_DEPLOYMENT_TARGET = 5.0;
				OTHER_CFLAGS = "-DNS_BLOCK_ASSERTIONS=1";
				OTHER_LDFLAGS = (
					"-lstdc++",
					"-ObjC",
				);
				PROVISIONING_PROFILE = "";
				"PROVISIONING_PROFILE[sdk=iphoneos*]" = "";
				SDKROOT = iphoneos;
				USER_HEADER_SEARCH_PATHS = "\"$(SRCROOT)/ZXingWidget/Classes\"";
				VALIDATE_PRODUCT = YES;
			};
			name = Release;
		};
		D775640414BCD00100A112A7 /* Debug */ = {
			isa = XCBuildConfiguration;
			buildSettings = {
				CODE_SIGN_ENTITLEMENTS = iMeeting/iMeeting.entitlements;
				CODE_SIGN_IDENTITY = "iPhone Developer";
				"CODE_SIGN_IDENTITY[sdk=iphoneos*]" = "iPhone Developer";
				FRAMEWORK_SEARCH_PATHS = (
					"$(inherited)",
					"\"$(SRCROOT)\"",
				);
				GCC_PRECOMPILE_PREFIX_HEADER = YES;
				GCC_PREFIX_HEADER = "iMeeting/iMeetingMX-Prefix.pch";
				INFOPLIST_FILE = "iMeeting/iMeeting-Info.plist";
				PRODUCT_NAME = iMeetingMX;
				PROVISIONING_PROFILE = "";
				"PROVISIONING_PROFILE[sdk=iphoneos*]" = "";
				USER_HEADER_SEARCH_PATHS = "\"$(SRCROOT)/ZXingWidget/Classes\" \"$(SRCROOT)/json-framework/Classes\"";
				WRAPPER_EXTENSION = app;
			};
			name = Debug;
		};
		D775640514BCD00100A112A7 /* Release */ = {
			isa = XCBuildConfiguration;
			buildSettings = {
				CODE_SIGN_ENTITLEMENTS = iMeeting/iMeeting.entitlements;
				CODE_SIGN_IDENTITY = "iPhone Developer";
				"CODE_SIGN_IDENTITY[sdk=iphoneos*]" = "iPhone Developer";
				FRAMEWORK_SEARCH_PATHS = (
					"$(inherited)",
					"\"$(SRCROOT)\"",
				);
				GCC_PRECOMPILE_PREFIX_HEADER = YES;
				GCC_PREFIX_HEADER = "iMeeting/iMeetingMX-Prefix.pch";
				INFOPLIST_FILE = "iMeeting/iMeeting-Info.plist";
				PRODUCT_NAME = iMeetingMX;
				PROVISIONING_PROFILE = "";
				"PROVISIONING_PROFILE[sdk=iphoneos*]" = "";
				USER_HEADER_SEARCH_PATHS = "\"$(SRCROOT)/ZXingWidget/Classes\" \"$(SRCROOT)/json-framework/Classes\"";
				WRAPPER_EXTENSION = app;
			};
			name = Release;
		};
/* End XCBuildConfiguration section */

/* Begin XCConfigurationList section */
		D77563E514BCD00100A112A7 /* Build configuration list for PBXProject "iMeetingMX" */ = {
			isa = XCConfigurationList;
			buildConfigurations = (
				D775640114BCD00100A112A7 /* Debug */,
				D775640214BCD00100A112A7 /* Release */,
			);
			defaultConfigurationIsVisible = 0;
			defaultConfigurationName = Release;
		};
		D775640314BCD00100A112A7 /* Build configuration list for PBXNativeTarget "iMeetingMX" */ = {
			isa = XCConfigurationList;
			buildConfigurations = (
				D775640414BCD00100A112A7 /* Debug */,
				D775640514BCD00100A112A7 /* Release */,
			);
			defaultConfigurationIsVisible = 0;
			defaultConfigurationName = Release;
		};
/* End XCConfigurationList section */
	};
	rootObject = D77563E214BCD00100A112A7 /* Project object */;
}
